
Microsoft Visual Studio Solution File, Format Version 12.00
# Visual Studio Version 16
VisualStudioVersion = 16.0.31624.102
MinimumVisualStudioVersion = 10.0.40219.1
Project("{9A19103F-16F7-4668-BE54-9A1E7A4F7556}") = "MagnificusMod", "MagnificusMod.csproj", "{5DEFE968-113A-47EE-BA38-0EAEA4720F7E}"
EndProject
Project("{2150E333-8FDC-42A3-9474-1A3956D46DE8}") = "Solution Items", "Solution Items", "{F1D4F023-589D-4D69-B320-75F19A1669D5}"
	ProjectSection(SolutionItems) = preProject
		.editorconfig = .editorconfig
	EndProjectSection
EndProject
Global
	GlobalSection(SolutionConfigurationPlatforms) = preSolution
		Debug|Any CPU = Debug|Any CPU
		Release|Any CPU = Release|Any CPU
	EndGlobalSection
	GlobalSection(ProjectConfigurationPlatforms) = postSolution
		{5DEFE968-113A-47EE-BA38-0EAEA4720F7E}.Debug|Any CPU.ActiveCfg = Debug|Any CPU
		{5DEFE968-113A-47EE-BA38-0EAEA4720F7E}.Debug|Any CPU.Build.0 = Debug|Any CPU
		{5DEFE968-113A-47EE-BA38-0EAEA4720F7E}.Release|Any CPU.ActiveCfg = Release|Any CPU
		{5DEFE968-113A-47EE-BA38-0EAEA4720F7E}.Release|Any CPU.Build.0 = Release|Any CPU
	EndGlobalSection
	GlobalSection(SolutionProperties) = preSolution
		HideSolutionNode = FALSE
	EndGlobalSection
	GlobalSection(ExtensibilityGlobals) = postSolution
		SolutionGuid = {24FE68C7-AD83-4FAC-AC4B-84A514B4E753}
	EndGlobalSection
EndGlobal
